
Microsoft Visual Studio Solution File, Format Version 12.00
# Visual Studio Version 17
VisualStudioVersion = 17.9.34728.123
MinimumVisualStudioVersion = 10.0.40219.1
Project("{FAE04EC0-301F-11D3-BF4B-00C04F79EFBC}") = "ModelValidationApp", "ModelValidationApp\ModelValidationApp.csproj", "{B5872D04-4678-4D3D-A8CF-B61A0CD95018}"
EndProject
Global
	GlobalSection(SolutionConfigurationPlatforms) = preSolution
		Debug|Any CPU = Debug|Any CPU
		Release|Any CPU = Release|Any CPU
	EndGlobalSection
	GlobalSection(ProjectConfigurationPlatforms) = postSolution
		{B5872D04-4678-4D3D-A8CF-B61A0CD95018}.Debug|Any CPU.ActiveCfg = Debug|Any CPU
		{B5872D04-4678-4D3D-A8CF-B61A0CD95018}.Debug|Any CPU.Build.0 = Debug|Any CPU
		{B5872D04-4678-4D3D-A8CF-B61A0CD95018}.Release|Any CPU.ActiveCfg = Release|Any CPU
		{B5872D04-4678-4D3D-A8CF-B61A0CD95018}.Release|Any CPU.Build.0 = Release|Any CPU
	EndGlobalSection
	GlobalSection(SolutionProperties) = preSolution
		HideSolutionNode = FALSE
	EndGlobalSection
	GlobalSection(ExtensibilityGlobals) = postSolution
		SolutionGuid = {9EDE84F1-966C-4817-9F3D-5608A0CFF76A}
	EndGlobalSection
EndGlobal
