
Microsoft Visual Studio Solution File, Format Version 12.00
# Visual Studio Version 17
VisualStudioVersion = 17.9.34728.123
MinimumVisualStudioVersion = 10.0.40219.1
Project("{9A19103F-16F7-4668-BE54-9A1E7A4F7556}") = "EMPPro", "EMPPro\EMPPro.csproj", "{D6B6F493-E879-41AF-8834-DF3C909C8106}"
EndProject
Global
	GlobalSection(SolutionConfigurationPlatforms) = preSolution
		Debug|Any CPU = Debug|Any CPU
		Release|Any CPU = Release|Any CPU
	EndGlobalSection
	GlobalSection(ProjectConfigurationPlatforms) = postSolution
		{D6B6F493-E879-41AF-8834-DF3C909C8106}.Debug|Any CPU.ActiveCfg = Debug|Any CPU
		{D6B6F493-E879-41AF-8834-DF3C909C8106}.Debug|Any CPU.Build.0 = Debug|Any CPU
		{D6B6F493-E879-41AF-8834-DF3C909C8106}.Release|Any CPU.ActiveCfg = Release|Any CPU
		{D6B6F493-E879-41AF-8834-DF3C909C8106}.Release|Any CPU.Build.0 = Release|Any CPU
	EndGlobalSection
	GlobalSection(SolutionProperties) = preSolution
		HideSolutionNode = FALSE
	EndGlobalSection
	GlobalSection(ExtensibilityGlobals) = postSolution
		SolutionGuid = {47F1D266-9A51-47CB-B990-45F682336CC8}
	EndGlobalSection
EndGlobal
