
Microsoft Visual Studio Solution File, Format Version 12.00
# Visual Studio Version 17
VisualStudioVersion = 17.7.34202.233
MinimumVisualStudioVersion = 10.0.40219.1
Project("{FAE04EC0-301F-11D3-BF4B-00C04F79EFBC}") = "ResumeManager", "ResumeManager\ResumeManager.csproj", "{0E7EAFF9-93DC-4D82-82C4-58C1BE933E76}"
EndProject
Global
	GlobalSection(SolutionConfigurationPlatforms) = preSolution
		Debug|Any CPU = Debug|Any CPU
		Release|Any CPU = Release|Any CPU
	EndGlobalSection
	GlobalSection(ProjectConfigurationPlatforms) = postSolution
		{0E7EAFF9-93DC-4D82-82C4-58C1BE933E76}.Debug|Any CPU.ActiveCfg = Debug|Any CPU
		{0E7EAFF9-93DC-4D82-82C4-58C1BE933E76}.Debug|Any CPU.Build.0 = Debug|Any CPU
		{0E7EAFF9-93DC-4D82-82C4-58C1BE933E76}.Release|Any CPU.ActiveCfg = Release|Any CPU
		{0E7EAFF9-93DC-4D82-82C4-58C1BE933E76}.Release|Any CPU.Build.0 = Release|Any CPU
	EndGlobalSection
	GlobalSection(SolutionProperties) = preSolution
		HideSolutionNode = FALSE
	EndGlobalSection
	GlobalSection(ExtensibilityGlobals) = postSolution
		SolutionGuid = {F67E383D-4D64-47D9-8E49-028C6DF6D099}
	EndGlobalSection
EndGlobal
